
Microsoft Visual Studio Solution File, Format Version 12.00
# Visual Studio Version 16
VisualStudioVersion = 16.0.30523.141
MinimumVisualStudioVersion = 10.0.40219.1
Project("{FAE04EC0-301F-11D3-BF4B-00C04F79EFBC}") = "Enum_Struct", "Enum_Struct\Enum_Struct.csproj", "{CC23F851-54C6-4616-BE7E-0D1BEBF244F7}"
EndProject
Project("{FAE04EC0-301F-11D3-BF4B-00C04F79EFBC}") = "Enum_Struct2", "ConsoleApp1\Enum_Struct2.csproj", "{1BB4F6B0-0861-4405-B25E-B3274885D699}"
EndProject
Global
	GlobalSection(SolutionConfigurationPlatforms) = preSolution
		Debug|Any CPU = Debug|Any CPU
		Release|Any CPU = Release|Any CPU
	EndGlobalSection
	GlobalSection(ProjectConfigurationPlatforms) = postSolution
		{CC23F851-54C6-4616-BE7E-0D1BEBF244F7}.Debug|Any CPU.ActiveCfg = Debug|Any CPU
		{CC23F851-54C6-4616-BE7E-0D1BEBF244F7}.Debug|Any CPU.Build.0 = Debug|Any CPU
		{CC23F851-54C6-4616-BE7E-0D1BEBF244F7}.Release|Any CPU.ActiveCfg = Release|Any CPU
		{CC23F851-54C6-4616-BE7E-0D1BEBF244F7}.Release|Any CPU.Build.0 = Release|Any CPU
		{1BB4F6B0-0861-4405-B25E-B3274885D699}.Debug|Any CPU.ActiveCfg = Debug|Any CPU
		{1BB4F6B0-0861-4405-B25E-B3274885D699}.Debug|Any CPU.Build.0 = Debug|Any CPU
		{1BB4F6B0-0861-4405-B25E-B3274885D699}.Release|Any CPU.ActiveCfg = Release|Any CPU
		{1BB4F6B0-0861-4405-B25E-B3274885D699}.Release|Any CPU.Build.0 = Release|Any CPU
	EndGlobalSection
	GlobalSection(SolutionProperties) = preSolution
		HideSolutionNode = FALSE
	EndGlobalSection
	GlobalSection(ExtensibilityGlobals) = postSolution
		SolutionGuid = {3B0EC934-4765-4BA9-A1A1-5F1025F17723}
	EndGlobalSection
EndGlobal
